
Microsoft Visual Studio Solution File, Format Version 12.00
# Visual Studio Version 17
VisualStudioVersion = 17.10.34916.146
MinimumVisualStudioVersion = 10.0.40219.1
Project("{9A19103F-16F7-4668-BE54-9A1E7A4F7556}") = "InvesTrace.Identity.Api", "InvesTrace.Identity.Api\InvesTrace.Identity.Api.csproj", "{4912236D-6294-4C3E-82A1-76B82A60101D}"
EndProject
Global
	GlobalSection(SolutionConfigurationPlatforms) = preSolution
		Debug|Any CPU = Debug|Any CPU
		Release|Any CPU = Release|Any CPU
	EndGlobalSection
	GlobalSection(ProjectConfigurationPlatforms) = postSolution
		{4912236D-6294-4C3E-82A1-76B82A60101D}.Debug|Any CPU.ActiveCfg = Debug|Any CPU
		{4912236D-6294-4C3E-82A1-76B82A60101D}.Debug|Any CPU.Build.0 = Debug|Any CPU
		{4912236D-6294-4C3E-82A1-76B82A60101D}.Release|Any CPU.ActiveCfg = Release|Any CPU
		{4912236D-6294-4C3E-82A1-76B82A60101D}.Release|Any CPU.Build.0 = Release|Any CPU
	EndGlobalSection
	GlobalSection(SolutionProperties) = preSolution
		HideSolutionNode = FALSE
	EndGlobalSection
	GlobalSection(ExtensibilityGlobals) = postSolution
		SolutionGuid = {FC27F9D7-1634-4FE4-8214-C5DDE0CBDB39}
	EndGlobalSection
EndGlobal
